{
    "_readme": [
        "This file locks the dependencies of your project to a known state",
        "Read more about it at https://getcomposer.org/doc/01-basic-usage.md#composer-lock-the-lock-file",
        "This file is @generated automatically"
    ],
    "hash": "dd69120cfb248f4ec03dac2be4437cb5",
    "content-hash": "ad6583297c86e92a66c5e57b92f6ad57",
    "packages": [
        {
            "name": "contao-community-alliance/composer-client",
            "version": "0.16.3",
            "source": {
                "type": "git",
                "url": "https://github.com/contao-community-alliance/composer-client.git",
                "reference": "4b89c21b1493ba37b5e3c0ab861bd5494367a992"
            },
            "dist": {
                "type": "zip",
                "url": "https://api.github.com/repos/contao-community-alliance/composer-client/zipball/4b89c21b1493ba37b5e3c0ab861bd5494367a992",
                "reference": "4b89c21b1493ba37b5e3c0ab861bd5494367a992",
                "shasum": ""
            },
            "require": {
                "contao-community-alliance/composer-plugin": "^2.3.8",
                "contao/core": ">=3.2,<4-dev",
                "php": ">=5.3.4"
            },
            "replace": {
                "contao-community-alliance/composer": "self.version"
            },
            "require-dev": {
                "phpcq/all-tasks": "~1.1"
            },
            "type": "contao-module",
            "extra": {
                "contao": {
                    "sources": {
                        "src/system/modules/!composer": "system/modules/!composer"
                    },
                    "transifex": {
                        "project": "composer",
                        "prefix": "client-",
                        "languages_cto": "src/system/modules/!composer/languages",
                        "languages_tx": ".tx"
                    }
                },
                "branch-alias": {
                    "dev-master": "0.16.x-dev",
                    "dev-develop": "0.17.x-dev"
                }
            },
            "notification-url": "https://packagist.org/downloads/",
            "license": [
                "LGPL-3.0+"
            ],
            "authors": [
                {
                    "name": "Tristan Lins",
                    "email": "tristan.lins@bit3.de",
                    "homepage": "http://bit3.de",
                    "role": "Developer"
                },
                {
                    "name": "Christian Schiffler",
                    "email": "c.schiffler@cyberspectrum.de",
                    "homepage": "http://www.cyberspectrum.de",
                    "role": "Developer"
                }
            ],
            "description": "The contao composer client.",
            "keywords": [
                "client",
                "composer",
                "contao"
            ],
            "time": "2016-02-09 12:00:12"
        },
        {
            "name": "contao-community-alliance/composer-plugin",
            "version": "2.4.1",
            "source": {
                "type": "git",
                "url": "https://github.com/contao-community-alliance/composer-plugin.git",
                "reference": "6371d9d383e9b8faf9fcd68388f16ab2e37890df"
            },
            "dist": {
                "type": "zip",
                "url": "https://api.github.com/repos/contao-community-alliance/composer-plugin/zipball/6371d9d383e9b8faf9fcd68388f16ab2e37890df",
                "reference": "6371d9d383e9b8faf9fcd68388f16ab2e37890df",
                "shasum": ""
            },
            "require": {
                "composer-plugin-api": "^1.0",
                "php": ">=5.3.2"
            },
            "conflict": {
                "contao-community-alliance/composer": "<0.9-dev",
                "contao/core": "3.0.*"
            },
            "replace": {
                "contao-community-alliance/composer-installer": "1.7.1"
            },
            "require-dev": {
                "composer/composer": "~1.0@dev",
                "contao/core": ">=2.11,<4.0",
                "phpcq/all-tasks": "~1.1"
            },
            "type": "composer-plugin",
            "extra": {
                "class": "ContaoCommunityAlliance\\Composer\\Plugin\\Plugin"
            },
            "autoload": {
                "psr-0": {
                    "ContaoCommunityAlliance\\Composer\\Plugin\\": "src/"
                }
            },
            "notification-url": "https://packagist.org/downloads/",
            "license": [
                "LGPL-3.0+"
            ],
            "description": "Composer plugin that provide contao integration and installer.",
            "homepage": "http://c-c-a.org/",
            "time": "2016-02-16 04:41:46"
        },
        {
            "name": "contao/core",
            "version": "3.5.4",
            "source": {
                "type": "git",
                "url": "https://github.com/contao-community-alliance/composerized-contao-core.git",
                "reference": "277566b8d97f33ec63b2464641c23bd1e3bdf80d"
            },
            "dist": {
                "type": "zip",
                "url": "https://api.github.com/repos/contao-community-alliance/composerized-contao-core/zipball/5e97ea9ca84a3e4906910c392e8dce1a61350446",
                "reference": "3.5.4",
                "shasum": "3.5.4"
            },
            "require": {
                "contao-community-alliance/composer": "*"
            },
            "type": "metapackage"
        }
    ],
    "packages-dev": [],
    "aliases": [],
    "minimum-stability": "dev",
    "stability-flags": [],
    "prefer-stable": true,
    "prefer-lowest": false,
    "platform": [],
    "platform-dev": []
}
