{
    "_readme": [
        "This file locks the dependencies of your project to a known state",
        "Read more about it at https://getcomposer.org/doc/01-basic-usage.md#composer-lock-the-lock-file",
        "This file is @generated automatically"
    ],
    "hash": "05a7747a897145ce4313a6246fce2431",
    "content-hash": "1f2116dcac47346dd797a97d8cb94abd",
    "packages": [
        {
            "name": "contao-community-alliance/composer-client",
            "version": "0.16.4",
            "source": {
                "type": "git",
                "url": "https://github.com/contao-community-alliance/composer-client.git",
                "reference": "a2754e34c49cfdf5bda69b18e090ce7ad0423478"
            },
            "dist": {
                "type": "zip",
                "url": "https://api.github.com/repos/contao-community-alliance/composer-client/zipball/a2754e34c49cfdf5bda69b18e090ce7ad0423478",
                "reference": "a2754e34c49cfdf5bda69b18e090ce7ad0423478",
                "shasum": ""
            },
            "require": {
                "contao-community-alliance/composer-plugin": "^2.3.8",
                "contao/core": ">=3.2,<4-dev",
                "php": ">=5.3.4"
            },
            "replace": {
                "contao-community-alliance/composer": "self.version"
            },
            "require-dev": {
                "phpcq/all-tasks": "~1.1"
            },
            "type": "contao-module",
            "extra": {
                "contao": {
                    "sources": {
                        "src/system/modules/!composer": "system/modules/!composer"
                    },
                    "transifex": {
                        "project": "composer",
                        "prefix": "client-",
                        "languages_cto": "src/system/modules/!composer/languages",
                        "languages_tx": ".tx"
                    }
                },
                "branch-alias": {
                    "dev-master": "0.16.x-dev",
                    "dev-develop": "0.17.x-dev"
                }
            },
            "notification-url": "https://packagist.org/downloads/",
            "license": [
                "LGPL-3.0+"
            ],
            "authors": [
                {
                    "name": "Tristan Lins",
                    "email": "tristan.lins@bit3.de",
                    "homepage": "http://bit3.de",
                    "role": "Developer"
                },
                {
                    "name": "Christian Schiffler",
                    "email": "c.schiffler@cyberspectrum.de",
                    "homepage": "http://www.cyberspectrum.de",
                    "role": "Developer"
                }
            ],
            "description": "The contao composer client.",
            "keywords": [
                "client",
                "composer",
                "contao"
            ],
            "time": "2016-04-27 13:37:31"
        },
        {
            "name": "contao-community-alliance/composer-plugin",
            "version": "2.4.1",
            "source": {
                "type": "git",
                "url": "https://github.com/contao-community-alliance/composer-plugin.git",
                "reference": "6371d9d383e9b8faf9fcd68388f16ab2e37890df"
            },
            "dist": {
                "type": "zip",
                "url": "https://api.github.com/repos/contao-community-alliance/composer-plugin/zipball/6371d9d383e9b8faf9fcd68388f16ab2e37890df",
                "reference": "6371d9d383e9b8faf9fcd68388f16ab2e37890df",
                "shasum": ""
            },
            "require": {
                "composer-plugin-api": "^1.0",
                "php": ">=5.3.2"
            },
            "conflict": {
                "contao-community-alliance/composer": "<0.9-dev",
                "contao/core": "3.0.*"
            },
            "replace": {
                "contao-community-alliance/composer-installer": "1.7.1"
            },
            "require-dev": {
                "composer/composer": "~1.0@dev",
                "contao/core": ">=2.11,<4.0",
                "phpcq/all-tasks": "~1.1"
            },
            "type": "composer-plugin",
            "extra": {
                "class": "ContaoCommunityAlliance\\Composer\\Plugin\\Plugin"
            },
            "autoload": {
                "psr-0": {
                    "ContaoCommunityAlliance\\Composer\\Plugin\\": "src/"
                }
            },
            "notification-url": "https://packagist.org/downloads/",
            "license": [
                "LGPL-3.0+"
            ],
            "description": "Composer plugin that provide contao integration and installer.",
            "homepage": "http://c-c-a.org/",
            "time": "2016-02-16 04:41:46"
        },
        {
            "name": "contao-legacy/efg",
            "version": "2.2.1.9005",
            "dist": {
                "type": "zip",
                "url": "https://legacy-packages-via.contao-community-alliance.org/er2-proxy/efg/20020019/5",
                "reference": "2.2.1.9005",
                "shasum": null
            },
            "require": {
                "contao-community-alliance/composer-plugin": "~2.0",
                "contao-legacy/xls_export": ">=3.0.0,<4.0.0-dev",
                "contao/core": ">=3.2.3,<4.0.0-dev"
            },
            "type": "legacy-contao-module",
            "extra": {
                "contao": {
                    "userfiles": []
                }
            },
            "notification-url": "https://legacy-packages-via.contao-community-alliance.org/downloads/",
            "license": [
                "GNU LGPL V3"
            ],
            "authors": [
                {
                    "name": "Thomas Kuhn",
                    "role": "lead"
                }
            ],
            "description": "Manage form data: confirmation email, data storage, list and edit in backend and frontend",
            "keywords": [
                "Data storage",
                "Form",
                "e-mail"
            ],
            "time": "2014-02-12 23:00:00"
        },
        {
            "name": "contao-legacy/xls_export",
            "version": "3.0.0.9020",
            "dist": {
                "type": "zip",
                "url": "https://legacy-packages-via.contao-community-alliance.org/er2-proxy/xls_export/30000009/20",
                "reference": "3.0.0.9020",
                "shasum": null
            },
            "require": {
                "contao-community-alliance/composer-plugin": "~2.0",
                "contao/core": ">=3.0.0-RC,<4.0.0-dev"
            },
            "type": "legacy-contao-module",
            "extra": {
                "contao": {
                    "userfiles": []
                }
            },
            "notification-url": "https://legacy-packages-via.contao-community-alliance.org/downloads/",
            "license": [
                "GPL"
            ],
            "authors": [
                {
                    "name": "aurealis",
                    "homepage": "http://www.aurealis.de",
                    "role": "lead"
                }
            ],
            "description": "PHP library to generate Microsoft Excel 95 files",
            "homepage": "http://www.aurealis.de",
            "keywords": [
                "Export",
                "excel",
                "library",
                "writer"
            ],
            "time": "2010-02-01 23:00:00"
        },
        {
            "name": "contao/core",
            "version": "3.5.4",
            "source": {
                "type": "git",
                "url": "https://github.com/contao-community-alliance/composerized-contao-core.git",
                "reference": "5e97ea9ca84a3e4906910c392e8dce1a61350446"
            },
            "dist": {
                "type": "zip",
                "url": "https://api.github.com/repos/contao-community-alliance/composerized-contao-core/zipball/5e97ea9ca84a3e4906910c392e8dce1a61350446",
                "reference": "5e97ea9ca84a3e4906910c392e8dce1a61350446",
                "shasum": "3.5.4"
            },
            "require": {
                "contao-community-alliance/composer": "*"
            },
            "type": "metapackage"
        }
    ],
    "packages-dev": [],
    "aliases": [],
    "minimum-stability": "dev",
    "stability-flags": {
        "contao-legacy/efg": 20
    },
    "prefer-stable": true,
    "prefer-lowest": false,
    "platform": [],
    "platform-dev": []
}
